{
  "name": "stackexchange-prettify",
  "version": "1.0.0",
  "lockfileVersion": 1,
  "requires": true,
  "dependencies": {
    "prettier-standalone": {
      "version": "1.3.1-0",
      "resolved": "https://registry.npmjs.org/prettier-standalone/-/prettier-standalone-1.3.1-0.tgz",
      "integrity": "sha1-jDAlSTFscjAVZC5m/UGS22hRTQw="
    }
  }
}
